
Microsoft Visual Studio Solution File, Format Version 12.00
# Visual Studio Version 17
VisualStudioVersion = 17.9.34622.214
MinimumVisualStudioVersion = 10.0.40219.1
Project("{9A19103F-16F7-4668-BE54-9A1E7A4F7556}") = "get-employee-lambda-function", "get-employee-lambda-function.csproj", "{AC0048AE-45E5-451F-B895-FEBB1CDFD9B7}"
EndProject
Project("{9A19103F-16F7-4668-BE54-9A1E7A4F7556}") = "get-employee-lambda-function-unittest", "..\get-employee-lambda-function-unittest\get-employee-lambda-function-unittest.csproj", "{3709926B-3768-4EAF-98E0-6E2C13609EF7}"
EndProject
Global
	GlobalSection(SolutionConfigurationPlatforms) = preSolution
		Debug|Any CPU = Debug|Any CPU
		Release|Any CPU = Release|Any CPU
	EndGlobalSection
	GlobalSection(ProjectConfigurationPlatforms) = postSolution
		{AC0048AE-45E5-451F-B895-FEBB1CDFD9B7}.Debug|Any CPU.ActiveCfg = Debug|Any CPU
		{AC0048AE-45E5-451F-B895-FEBB1CDFD9B7}.Debug|Any CPU.Build.0 = Debug|Any CPU
		{AC0048AE-45E5-451F-B895-FEBB1CDFD9B7}.Release|Any CPU.ActiveCfg = Release|Any CPU
		{AC0048AE-45E5-451F-B895-FEBB1CDFD9B7}.Release|Any CPU.Build.0 = Release|Any CPU
		{3709926B-3768-4EAF-98E0-6E2C13609EF7}.Debug|Any CPU.ActiveCfg = Debug|Any CPU
		{3709926B-3768-4EAF-98E0-6E2C13609EF7}.Debug|Any CPU.Build.0 = Debug|Any CPU
		{3709926B-3768-4EAF-98E0-6E2C13609EF7}.Release|Any CPU.ActiveCfg = Release|Any CPU
		{3709926B-3768-4EAF-98E0-6E2C13609EF7}.Release|Any CPU.Build.0 = Release|Any CPU
	EndGlobalSection
	GlobalSection(SolutionProperties) = preSolution
		HideSolutionNode = FALSE
	EndGlobalSection
	GlobalSection(ExtensibilityGlobals) = postSolution
		SolutionGuid = {46D935FD-11D1-4C06-BA5E-7DB71B01BA50}
	EndGlobalSection
EndGlobal
